
Microsoft Visual Studio Solution File, Format Version 12.00
# Visual Studio Version 16
VisualStudioVersion = 16.0.28315.86
MinimumVisualStudioVersion = 10.0.40219.1
Project("{2150E333-8FDC-42A3-9474-1A3956D46DE8}") = "build", "build", "{3353FD4A-FE9B-4670-86C9-09EF0F7CEDB2}"
	ProjectSection(SolutionItems) = preProject
		.editorconfig = .editorconfig
		.nuke = .nuke
		build.ps1 = build.ps1
		build.sh = build.sh
		global.json = global.json
	EndProjectSection
EndProject
Project("{2150E333-8FDC-42A3-9474-1A3956D46DE8}") = "docs", "docs", "{2134CB05-065F-4694-83B7-3DF4E9CAFD0E}"
	ProjectSection(SolutionItems) = preProject
		LICENSE.TXT = LICENSE.TXT
		README.md = README.md
	EndProjectSection
EndProject
Project("{2150E333-8FDC-42A3-9474-1A3956D46DE8}") = "git", "git", "{497FBEFD-7228-4E2F-A947-9F416498E263}"
	ProjectSection(SolutionItems) = preProject
		.gitattributes = .gitattributes
		.gitignore = .gitignore
	EndProjectSection
EndProject
Project("{2150E333-8FDC-42A3-9474-1A3956D46DE8}") = "nuget", "nuget", "{9A80222C-EDE8-42AF-9D6D-76325FC4673F}"
	ProjectSection(SolutionItems) = preProject
		NuGet.Config = NuGet.Config
	EndProjectSection
EndProject
Project("{2150E333-8FDC-42A3-9474-1A3956D46DE8}") = "props", "props", "{A88815F2-21C3-4EBA-8DBC-0A461EA7F82C}"
	ProjectSection(SolutionItems) = preProject
		build\Avalonia.Desktop.props = build\Avalonia.Desktop.props
		build\Avalonia.Diagnostics.props = build\Avalonia.Diagnostics.props
		build\Avalonia.props = build\Avalonia.props
		build\Avalonia.ReactiveUI.props = build\Avalonia.ReactiveUI.props
		build\Base.props = build\Base.props
		build\Newtonsoft.Json.props = build\Newtonsoft.Json.props
		build\ReactiveUI.props = build\ReactiveUI.props
		build\ReferenceAssemblies.props = build\ReferenceAssemblies.props
		build\XUnit.props = build\XUnit.props
	EndProjectSection
EndProject
Project("{2150E333-8FDC-42A3-9474-1A3956D46DE8}") = "src", "src", "{219954C4-6A40-4D94-914E-148B7EBB718E}"
EndProject
Project("{9A19103F-16F7-4668-BE54-9A1E7A4F7556}") = "ThemeEditor", "src\ThemeEditor\ThemeEditor.csproj", "{683D24E2-5AE0-468F-8A2B-4B1936DAB7FB}"
EndProject
Project("{9A19103F-16F7-4668-BE54-9A1E7A4F7556}") = "ThemeEditor.Controls.ColorPicker", "src\ThemeEditor.Controls.ColorPicker\ThemeEditor.Controls.ColorPicker.csproj", "{DA3A88E9-BB02-4ED7-9760-7FF14257F23D}"
EndProject
Project("{2150E333-8FDC-42A3-9474-1A3956D46DE8}") = "tests", "tests", "{F2D7C825-1AC1-45FF-A221-CEE80E2F2374}"
EndProject
Project("{9A19103F-16F7-4668-BE54-9A1E7A4F7556}") = "ThemeEditor.Controls.ColorPicker.UnitTests", "tests\ThemeEditor.Controls.ColorPicker.UnitTests\ThemeEditor.Controls.ColorPicker.UnitTests.csproj", "{A8EB278A-149D-4BE4-8388-86EFB0D9030F}"
EndProject
Project("{9A19103F-16F7-4668-BE54-9A1E7A4F7556}") = "_build", "build\build\_build.csproj", "{DD390F62-BC92-4012-9C09-B2ED62CBFAA4}"
EndProject
Global
	GlobalSection(SolutionConfigurationPlatforms) = preSolution
		Debug|Any CPU = Debug|Any CPU
		Release|Any CPU = Release|Any CPU
	EndGlobalSection
	GlobalSection(ProjectConfigurationPlatforms) = postSolution
		{683D24E2-5AE0-468F-8A2B-4B1936DAB7FB}.Debug|Any CPU.ActiveCfg = Debug|Any CPU
		{683D24E2-5AE0-468F-8A2B-4B1936DAB7FB}.Debug|Any CPU.Build.0 = Debug|Any CPU
		{683D24E2-5AE0-468F-8A2B-4B1936DAB7FB}.Release|Any CPU.ActiveCfg = Release|Any CPU
		{683D24E2-5AE0-468F-8A2B-4B1936DAB7FB}.Release|Any CPU.Build.0 = Release|Any CPU
		{DA3A88E9-BB02-4ED7-9760-7FF14257F23D}.Debug|Any CPU.ActiveCfg = Debug|Any CPU
		{DA3A88E9-BB02-4ED7-9760-7FF14257F23D}.Debug|Any CPU.Build.0 = Debug|Any CPU
		{DA3A88E9-BB02-4ED7-9760-7FF14257F23D}.Release|Any CPU.ActiveCfg = Release|Any CPU
		{DA3A88E9-BB02-4ED7-9760-7FF14257F23D}.Release|Any CPU.Build.0 = Release|Any CPU
		{A8EB278A-149D-4BE4-8388-86EFB0D9030F}.Debug|Any CPU.ActiveCfg = Debug|Any CPU
		{A8EB278A-149D-4BE4-8388-86EFB0D9030F}.Debug|Any CPU.Build.0 = Debug|Any CPU
		{A8EB278A-149D-4BE4-8388-86EFB0D9030F}.Release|Any CPU.ActiveCfg = Release|Any CPU
		{A8EB278A-149D-4BE4-8388-86EFB0D9030F}.Release|Any CPU.Build.0 = Release|Any CPU
		{DD390F62-BC92-4012-9C09-B2ED62CBFAA4}.Debug|Any CPU.ActiveCfg = Debug|Any CPU
		{DD390F62-BC92-4012-9C09-B2ED62CBFAA4}.Release|Any CPU.ActiveCfg = Release|Any CPU
	EndGlobalSection
	GlobalSection(SolutionProperties) = preSolution
		HideSolutionNode = FALSE
	EndGlobalSection
	GlobalSection(NestedProjects) = preSolution
		{497FBEFD-7228-4E2F-A947-9F416498E263} = {3353FD4A-FE9B-4670-86C9-09EF0F7CEDB2}
		{9A80222C-EDE8-42AF-9D6D-76325FC4673F} = {3353FD4A-FE9B-4670-86C9-09EF0F7CEDB2}
		{A88815F2-21C3-4EBA-8DBC-0A461EA7F82C} = {3353FD4A-FE9B-4670-86C9-09EF0F7CEDB2}
		{683D24E2-5AE0-468F-8A2B-4B1936DAB7FB} = {219954C4-6A40-4D94-914E-148B7EBB718E}
		{DA3A88E9-BB02-4ED7-9760-7FF14257F23D} = {219954C4-6A40-4D94-914E-148B7EBB718E}
		{A8EB278A-149D-4BE4-8388-86EFB0D9030F} = {F2D7C825-1AC1-45FF-A221-CEE80E2F2374}
		{DD390F62-BC92-4012-9C09-B2ED62CBFAA4} = {3353FD4A-FE9B-4670-86C9-09EF0F7CEDB2}
	EndGlobalSection
	GlobalSection(ExtensibilityGlobals) = postSolution
		SolutionGuid = {CF676549-9409-4598-8229-80E04B51ADC5}
	EndGlobalSection
EndGlobal
